
Microsoft Visual Studio Solution File, Format Version 12.00
# Visual Studio Version 17
VisualStudioVersion = 17.3.32901.215
MinimumVisualStudioVersion = 10.0.40219.1
Project("{FAE04EC0-301F-11D3-BF4B-00C04F79EFBC}") = "CheckVIN", "CheckVIN.csproj", "{8269A9ED-4882-4DDD-88A8-FB9582DE47E4}"
EndProject
Project("{FAE04EC0-301F-11D3-BF4B-00C04F79EFBC}") = "TestProject3", "..\TestProject3\TestProject3.csproj", "{BBD22A91-88CC-4B20-A424-6065C96C59AB}"
EndProject
Global
	GlobalSection(SolutionConfigurationPlatforms) = preSolution
		Debug|Any CPU = Debug|Any CPU
		Release|Any CPU = Release|Any CPU
	EndGlobalSection
	GlobalSection(ProjectConfigurationPlatforms) = postSolution
		{8269A9ED-4882-4DDD-88A8-FB9582DE47E4}.Debug|Any CPU.ActiveCfg = Debug|Any CPU
		{8269A9ED-4882-4DDD-88A8-FB9582DE47E4}.Debug|Any CPU.Build.0 = Debug|Any CPU
		{8269A9ED-4882-4DDD-88A8-FB9582DE47E4}.Release|Any CPU.ActiveCfg = Release|Any CPU
		{8269A9ED-4882-4DDD-88A8-FB9582DE47E4}.Release|Any CPU.Build.0 = Release|Any CPU
		{BBD22A91-88CC-4B20-A424-6065C96C59AB}.Debug|Any CPU.ActiveCfg = Debug|Any CPU
		{BBD22A91-88CC-4B20-A424-6065C96C59AB}.Debug|Any CPU.Build.0 = Debug|Any CPU
		{BBD22A91-88CC-4B20-A424-6065C96C59AB}.Release|Any CPU.ActiveCfg = Release|Any CPU
		{BBD22A91-88CC-4B20-A424-6065C96C59AB}.Release|Any CPU.Build.0 = Release|Any CPU
	EndGlobalSection
	GlobalSection(SolutionProperties) = preSolution
		HideSolutionNode = FALSE
	EndGlobalSection
	GlobalSection(ExtensibilityGlobals) = postSolution
		SolutionGuid = {1C668D40-0CBE-46F1-A20D-A020623F6504}
	EndGlobalSection
EndGlobal
